
Microsoft Visual Studio Solution File, Format Version 12.00
# Visual Studio Version 17
VisualStudioVersion = 17.0.32112.339
MinimumVisualStudioVersion = 10.0.40219.1
Project("{FAE04EC0-301F-11D3-BF4B-00C04F79EFBC}") = "Math2", "Math2\Math2.csproj", "{6F365211-31D7-4F62-9F74-39C9CA2FEAA6}"
EndProject
Global
	GlobalSection(SolutionConfigurationPlatforms) = preSolution
		Debug|Any CPU = Debug|Any CPU
		Release|Any CPU = Release|Any CPU
	EndGlobalSection
	GlobalSection(ProjectConfigurationPlatforms) = postSolution
		{6F365211-31D7-4F62-9F74-39C9CA2FEAA6}.Debug|Any CPU.ActiveCfg = Debug|Any CPU
		{6F365211-31D7-4F62-9F74-39C9CA2FEAA6}.Debug|Any CPU.Build.0 = Debug|Any CPU
		{6F365211-31D7-4F62-9F74-39C9CA2FEAA6}.Release|Any CPU.ActiveCfg = Release|Any CPU
		{6F365211-31D7-4F62-9F74-39C9CA2FEAA6}.Release|Any CPU.Build.0 = Release|Any CPU
	EndGlobalSection
	GlobalSection(SolutionProperties) = preSolution
		HideSolutionNode = FALSE
	EndGlobalSection
	GlobalSection(ExtensibilityGlobals) = postSolution
		SolutionGuid = {2132CE0F-EDEF-496A-9CEE-46C7498B6A3E}
	EndGlobalSection
EndGlobal
